
Microsoft Visual Studio Solution File, Format Version 12.00
# Visual Studio Version 17
VisualStudioVersion = 17.4.33122.133
MinimumVisualStudioVersion = 10.0.40219.1
Project("{FAE04EC0-301F-11D3-BF4B-00C04F79EFBC}") = "MyMessenger", "MyMessenger.csproj", "{C1B86A57-632F-4FC8-AA79-873166EDCF48}"
EndProject
Global
	GlobalSection(SolutionConfigurationPlatforms) = preSolution
		Debug|Any CPU = Debug|Any CPU
		Release|Any CPU = Release|Any CPU
	EndGlobalSection
	GlobalSection(ProjectConfigurationPlatforms) = postSolution
		{C1B86A57-632F-4FC8-AA79-873166EDCF48}.Debug|Any CPU.ActiveCfg = Debug|Any CPU
		{C1B86A57-632F-4FC8-AA79-873166EDCF48}.Debug|Any CPU.Build.0 = Debug|Any CPU
		{C1B86A57-632F-4FC8-AA79-873166EDCF48}.Release|Any CPU.ActiveCfg = Release|Any CPU
		{C1B86A57-632F-4FC8-AA79-873166EDCF48}.Release|Any CPU.Build.0 = Release|Any CPU
	EndGlobalSection
	GlobalSection(SolutionProperties) = preSolution
		HideSolutionNode = FALSE
	EndGlobalSection
	GlobalSection(ExtensibilityGlobals) = postSolution
		SolutionGuid = {4B59B7F6-7044-4C7E-B312-0D6499CE2C68}
	EndGlobalSection
EndGlobal
